
Microsoft Visual Studio Solution File, Format Version 12.00
# Visual Studio Version 16
VisualStudioVersion = 16.0.28803.352
MinimumVisualStudioVersion = 10.0.40219.1
Project("{2150E333-8FDC-42A3-9474-1A3956D46DE8}") = "src", "src", "{6AC670D6-C103-46AD-ADA2-43C87468706A}"
EndProject
Project("{2150E333-8FDC-42A3-9474-1A3956D46DE8}") = "test", "test", "{EA63676B-BEA6-4420-A4F0-87C8699EF80C}"
EndProject
Project("{9A19103F-16F7-4668-BE54-9A1E7A4F7556}") = "iBlogs.Site.Web", "src\iBlogs.Site.Web\iBlogs.Site.Web.csproj", "{A84D77A3-D6B7-4FA2-A3AE-C04330133B41}"
EndProject
Project("{9A19103F-16F7-4668-BE54-9A1E7A4F7556}") = "iBlogs.Site.Core", "src\iBlogs.Site.Core\iBlogs.Site.Core.csproj", "{ED24C20A-27FE-45B5-BBDA-26BD70B7874B}"
EndProject
Project("{2150E333-8FDC-42A3-9474-1A3956D46DE8}") = "thirdPart", "thirdPart", "{10D2C3F6-5234-4F38-B364-833149163538}"
EndProject
Project("{9A19103F-16F7-4668-BE54-9A1E7A4F7556}") = "Serilog.Sinks.MySQL", "thirdPart\Serilog.Sinks.MySQL\Serilog.Sinks.MySQL.csproj", "{2A39A58A-5481-42EF-BF2D-902C25B10A9C}"
EndProject
Global
	GlobalSection(SolutionConfigurationPlatforms) = preSolution
		Debug|Any CPU = Debug|Any CPU
		Release|Any CPU = Release|Any CPU
	EndGlobalSection
	GlobalSection(ProjectConfigurationPlatforms) = postSolution
		{A84D77A3-D6B7-4FA2-A3AE-C04330133B41}.Debug|Any CPU.ActiveCfg = Debug|Any CPU
		{A84D77A3-D6B7-4FA2-A3AE-C04330133B41}.Debug|Any CPU.Build.0 = Debug|Any CPU
		{A84D77A3-D6B7-4FA2-A3AE-C04330133B41}.Release|Any CPU.ActiveCfg = Release|Any CPU
		{A84D77A3-D6B7-4FA2-A3AE-C04330133B41}.Release|Any CPU.Build.0 = Release|Any CPU
		{ED24C20A-27FE-45B5-BBDA-26BD70B7874B}.Debug|Any CPU.ActiveCfg = Debug|Any CPU
		{ED24C20A-27FE-45B5-BBDA-26BD70B7874B}.Debug|Any CPU.Build.0 = Debug|Any CPU
		{ED24C20A-27FE-45B5-BBDA-26BD70B7874B}.Release|Any CPU.ActiveCfg = Release|Any CPU
		{ED24C20A-27FE-45B5-BBDA-26BD70B7874B}.Release|Any CPU.Build.0 = Release|Any CPU
		{2A39A58A-5481-42EF-BF2D-902C25B10A9C}.Debug|Any CPU.ActiveCfg = Debug|Any CPU
		{2A39A58A-5481-42EF-BF2D-902C25B10A9C}.Debug|Any CPU.Build.0 = Debug|Any CPU
		{2A39A58A-5481-42EF-BF2D-902C25B10A9C}.Release|Any CPU.ActiveCfg = Release|Any CPU
		{2A39A58A-5481-42EF-BF2D-902C25B10A9C}.Release|Any CPU.Build.0 = Release|Any CPU
	EndGlobalSection
	GlobalSection(SolutionProperties) = preSolution
		HideSolutionNode = FALSE
	EndGlobalSection
	GlobalSection(NestedProjects) = preSolution
		{A84D77A3-D6B7-4FA2-A3AE-C04330133B41} = {6AC670D6-C103-46AD-ADA2-43C87468706A}
		{ED24C20A-27FE-45B5-BBDA-26BD70B7874B} = {6AC670D6-C103-46AD-ADA2-43C87468706A}
		{2A39A58A-5481-42EF-BF2D-902C25B10A9C} = {10D2C3F6-5234-4F38-B364-833149163538}
	EndGlobalSection
	GlobalSection(ExtensibilityGlobals) = postSolution
		SolutionGuid = {1A447472-C366-405E-80DF-37FFC2B0E4B3}
	EndGlobalSection
EndGlobal
